
Microsoft Visual Studio Solution File, Format Version 12.00
# Visual Studio Version 18
VisualStudioVersion = 18.3.11512.155 d18.3
MinimumVisualStudioVersion = 10.0.40219.1
Project("{FAE04EC0-301F-11D3-BF4B-00C04F79EFBC}") = "Flow.API", "Flow.API\Flow.API.csproj", "{BD83E55C-A212-43A4-B5CE-2AFA007544D0}"
EndProject
Project("{FAE04EC0-301F-11D3-BF4B-00C04F79EFBC}") = "Flow.Domain", "Flow.Domain\Flow.Domain.csproj", "{42654A67-F455-467D-85E0-518B241E89E7}"
EndProject
Project("{FAE04EC0-301F-11D3-BF4B-00C04F79EFBC}") = "Flow.Infrastructure", "Flow.Infrastructure\Flow.Infrastructure.csproj", "{024F3AA5-7807-49D0-B90A-A08E0A4AE086}"
EndProject
Project("{FAE04EC0-301F-11D3-BF4B-00C04F79EFBC}") = "Flow.Application", "Flow.Application\Flow.Application.csproj", "{19001E86-D2E8-4FC9-9753-469AAF3F40ED}"
EndProject
Global
	GlobalSection(SolutionConfigurationPlatforms) = preSolution
		Debug|Any CPU = Debug|Any CPU
		Release|Any CPU = Release|Any CPU
	EndGlobalSection
	GlobalSection(ProjectConfigurationPlatforms) = postSolution
		{BD83E55C-A212-43A4-B5CE-2AFA007544D0}.Debug|Any CPU.ActiveCfg = Debug|Any CPU
		{BD83E55C-A212-43A4-B5CE-2AFA007544D0}.Debug|Any CPU.Build.0 = Debug|Any CPU
		{BD83E55C-A212-43A4-B5CE-2AFA007544D0}.Release|Any CPU.ActiveCfg = Release|Any CPU
		{BD83E55C-A212-43A4-B5CE-2AFA007544D0}.Release|Any CPU.Build.0 = Release|Any CPU
		{42654A67-F455-467D-85E0-518B241E89E7}.Debug|Any CPU.ActiveCfg = Debug|Any CPU
		{42654A67-F455-467D-85E0-518B241E89E7}.Debug|Any CPU.Build.0 = Debug|Any CPU
		{42654A67-F455-467D-85E0-518B241E89E7}.Release|Any CPU.ActiveCfg = Release|Any CPU
		{42654A67-F455-467D-85E0-518B241E89E7}.Release|Any CPU.Build.0 = Release|Any CPU
		{024F3AA5-7807-49D0-B90A-A08E0A4AE086}.Debug|Any CPU.ActiveCfg = Debug|Any CPU
		{024F3AA5-7807-49D0-B90A-A08E0A4AE086}.Debug|Any CPU.Build.0 = Debug|Any CPU
		{024F3AA5-7807-49D0-B90A-A08E0A4AE086}.Release|Any CPU.ActiveCfg = Release|Any CPU
		{024F3AA5-7807-49D0-B90A-A08E0A4AE086}.Release|Any CPU.Build.0 = Release|Any CPU
		{19001E86-D2E8-4FC9-9753-469AAF3F40ED}.Debug|Any CPU.ActiveCfg = Debug|Any CPU
		{19001E86-D2E8-4FC9-9753-469AAF3F40ED}.Debug|Any CPU.Build.0 = Debug|Any CPU
		{19001E86-D2E8-4FC9-9753-469AAF3F40ED}.Release|Any CPU.ActiveCfg = Release|Any CPU
		{19001E86-D2E8-4FC9-9753-469AAF3F40ED}.Release|Any CPU.Build.0 = Release|Any CPU
	EndGlobalSection
	GlobalSection(SolutionProperties) = preSolution
		HideSolutionNode = FALSE
	EndGlobalSection
	GlobalSection(ExtensibilityGlobals) = postSolution
		SolutionGuid = {79C3748F-B51D-44B6-94FF-2DFC325F389F}
	EndGlobalSection
EndGlobal
